// !$*UTF8*$!
{
	archiveVersion = 1;
	classes = {
	};
	objectVersion = 56;
	objects = {

/* Begin PBXBuildFile section */
		D8F841FA2C13821000D117EE /* SwiftuiMapAppvApp.swift in Sources */ = {isa = PBXBuildFile; fileRef = D8F841F92C13821000D117EE /* SwiftuiMapAppvApp.swift */; };
		D8F841FC2C13821000D117EE /* ContentView.swift in Sources */ = {isa = PBXBuildFile; fileRef = D8F841FB2C13821000D117EE /* ContentView.swift */; };
		D8F842012C13821100D117EE /* Preview Assets.xcassets in Resources */ = {isa = PBXBuildFile; fileRef = D8F842002C13821100D117EE /* Preview Assets.xcassets */; };
		D8F842082C1382DC00D117EE /* Assets.xcassets in Resources */ = {isa = PBXBuildFile; fileRef = D8F842072C1382DC00D117EE /* Assets.xcassets */; };
		D8F8420D2C1383A800D117EE /* Location.swift in Sources */ = {isa = PBXBuildFile; fileRef = D8F8420C2C1383A800D117EE /* Location.swift */; };
		D8F842102C1384B200D117EE /* LocationsDataService.swift in Sources */ = {isa = PBXBuildFile; fileRef = D8F8420F2C1384B200D117EE /* LocationsDataService.swift */; };
		D8F842122C13858800D117EE /* LocationView.swift in Sources */ = {isa = PBXBuildFile; fileRef = D8F842112C13858800D117EE /* LocationView.swift */; };
		D8F842142C13891600D117EE /* LocationsViewModel.swift in Sources */ = {isa = PBXBuildFile; fileRef = D8F842132C13891600D117EE /* LocationsViewModel.swift */; };
		D8F842162C16190700D117EE /* LocationsListView.swift in Sources */ = {isa = PBXBuildFile; fileRef = D8F842152C16190700D117EE /* LocationsListView.swift */; };
		D8F8421A2C16359A00D117EE /* LocationPreviewView.swift in Sources */ = {isa = PBXBuildFile; fileRef = D8F842192C16359A00D117EE /* LocationPreviewView.swift */; };
/* End PBXBuildFile section */

/* Begin PBXFileReference section */
		D8F841F62C13821000D117EE /* SwiftuiMapAppv.app */ = {isa = PBXFileReference; explicitFileType = wrapper.application; includeInIndex = 0; path = SwiftuiMapAppv.app; sourceTree = BUILT_PRODUCTS_DIR; };
		D8F841F92C13821000D117EE /* SwiftuiMapAppvApp.swift */ = {isa = PBXFileReference; lastKnownFileType = sourcecode.swift; path = SwiftuiMapAppvApp.swift; sourceTree = "<group>"; };
		D8F841FB2C13821000D117EE /* ContentView.swift */ = {isa = PBXFileReference; lastKnownFileType = sourcecode.swift; path = ContentView.swift; sourceTree = "<group>"; };
		D8F842002C13821100D117EE /* Preview Assets.xcassets */ = {isa = PBXFileReference; lastKnownFileType = folder.assetcatalog; path = "Preview Assets.xcassets"; sourceTree = "<group>"; };
		D8F842072C1382DC00D117EE /* Assets.xcassets */ = {isa = PBXFileReference; lastKnownFileType = folder.assetcatalog; path = Assets.xcassets; sourceTree = "<group>"; };
		D8F8420C2C1383A800D117EE /* Location.swift */ = {isa = PBXFileReference; lastKnownFileType = sourcecode.swift; path = Location.swift; sourceTree = "<group>"; };
		D8F8420F2C1384B200D117EE /* LocationsDataService.swift */ = {isa = PBXFileReference; fileEncoding = 4; lastKnownFileType = sourcecode.swift; path = LocationsDataService.swift; sourceTree = "<group>"; };
		D8F842112C13858800D117EE /* LocationView.swift */ = {isa = PBXFileReference; lastKnownFileType = sourcecode.swift; path = LocationView.swift; sourceTree = "<group>"; };
		D8F842132C13891600D117EE /* LocationsViewModel.swift */ = {isa = PBXFileReference; lastKnownFileType = sourcecode.swift; path = LocationsViewModel.swift; sourceTree = "<group>"; };
		D8F842152C16190700D117EE /* LocationsListView.swift */ = {isa = PBXFileReference; lastKnownFileType = sourcecode.swift; path = LocationsListView.swift; sourceTree = "<group>"; };
		D8F842192C16359A00D117EE /* LocationPreviewView.swift */ = {isa = PBXFileReference; lastKnownFileType = sourcecode.swift; path = LocationPreviewView.swift; sourceTree = "<group>"; };
/* End PBXFileReference section */

/* Begin PBXFrameworksBuildPhase section */
		D8F841F32C13821000D117EE /* Frameworks */ = {
			isa = PBXFrameworksBuildPhase;
			buildActionMask = 2147483647;
			files = (
			);
			runOnlyForDeploymentPostprocessing = 0;
		};
/* End PBXFrameworksBuildPhase section */

/* Begin PBXGroup section */
		D8F841ED2C13821000D117EE = {
			isa = PBXGroup;
			children = (
				D8F841F82C13821000D117EE /* SwiftuiMapAppv */,
				D8F841F72C13821000D117EE /* Products */,
			);
			sourceTree = "<group>";
		};
		D8F841F72C13821000D117EE /* Products */ = {
			isa = PBXGroup;
			children = (
				D8F841F62C13821000D117EE /* SwiftuiMapAppv.app */,
			);
			name = Products;
			sourceTree = "<group>";
		};
		D8F841F82C13821000D117EE /* SwiftuiMapAppv */ = {
			isa = PBXGroup;
			children = (
				D8F841F92C13821000D117EE /* SwiftuiMapAppvApp.swift */,
				D8F841FB2C13821000D117EE /* ContentView.swift */,
				D8F8420E2C13849800D117EE /* DataServices */,
				D8F842092C13835A00D117EE /* Views */,
				D8F8420A2C13836100D117EE /* ViewModels */,
				D8F8420B2C13838B00D117EE /* Models */,
				D8F842072C1382DC00D117EE /* Assets.xcassets */,
				D8F841FF2C13821100D117EE /* Preview Content */,
			);
			path = SwiftuiMapAppv;
			sourceTree = "<group>";
		};
		D8F841FF2C13821100D117EE /* Preview Content */ = {
			isa = PBXGroup;
			children = (
				D8F842002C13821100D117EE /* Preview Assets.xcassets */,
			);
			path = "Preview Content";
			sourceTree = "<group>";
		};
		D8F842092C13835A00D117EE /* Views */ = {
			isa = PBXGroup;
			children = (
				D8F842112C13858800D117EE /* LocationView.swift */,
				D8F842192C16359A00D117EE /* LocationPreviewView.swift */,
				D8F842152C16190700D117EE /* LocationsListView.swift */,
			);
			path = Views;
			sourceTree = "<group>";
		};
		D8F8420A2C13836100D117EE /* ViewModels */ = {
			isa = PBXGroup;
			children = (
				D8F842132C13891600D117EE /* LocationsViewModel.swift */,
			);
			path = ViewModels;
			sourceTree = "<group>";
		};
		D8F8420B2C13838B00D117EE /* Models */ = {
			isa = PBXGroup;
			children = (
				D8F8420C2C1383A800D117EE /* Location.swift */,
			);
			path = Models;
			sourceTree = "<group>";
		};
		D8F8420E2C13849800D117EE /* DataServices */ = {
			isa = PBXGroup;
			children = (
				D8F8420F2C1384B200D117EE /* LocationsDataService.swift */,
			);
			path = DataServices;
			sourceTree = "<group>";
		};
/* End PBXGroup section */

/* Begin PBXNativeTarget section */
		D8F841F52C13821000D117EE /* SwiftuiMapAppv */ = {
			isa = PBXNativeTarget;
			buildConfigurationList = D8F842042C13821100D117EE /* Build configuration list for PBXNativeTarget "SwiftuiMapAppv" */;
			buildPhases = (
				D8F841F22C13821000D117EE /* Sources */,
				D8F841F32C13821000D117EE /* Frameworks */,
				D8F841F42C13821000D117EE /* Resources */,
			);
			buildRules = (
			);
			dependencies = (
			);
			name = SwiftuiMapAppv;
			productName = SwiftuiMapAppv;
			productReference = D8F841F62C13821000D117EE /* SwiftuiMapAppv.app */;
			productType = "com.apple.product-type.application";
		};
/* End PBXNativeTarget section */

/* Begin PBXProject section */
		D8F841EE2C13821000D117EE /* Project object */ = {
			isa = PBXProject;
			attributes = {
				BuildIndependentTargetsInParallel = 1;
				LastSwiftUpdateCheck = 1530;
				LastUpgradeCheck = 1530;
				TargetAttributes = {
					D8F841F52C13821000D117EE = {
						CreatedOnToolsVersion = 15.3;
					};
				};
			};
			buildConfigurationList = D8F841F12C13821000D117EE /* Build configuration list for PBXProject "SwiftuiMapAppv" */;
			compatibilityVersion = "Xcode 14.0";
			developmentRegion = en;
			hasScannedForEncodings = 0;
			knownRegions = (
				en,
				Base,
			);
			mainGroup = D8F841ED2C13821000D117EE;
			productRefGroup = D8F841F72C13821000D117EE /* Products */;
			projectDirPath = "";
			projectRoot = "";
			targets = (
				D8F841F52C13821000D117EE /* SwiftuiMapAppv */,
			);
		};
/* End PBXProject section */

/* Begin PBXResourcesBuildPhase section */
		D8F841F42C13821000D117EE /* Resources */ = {
			isa = PBXResourcesBuildPhase;
			buildActionMask = 2147483647;
			files = (
				D8F842082C1382DC00D117EE /* Assets.xcassets in Resources */,
				D8F842012C13821100D117EE /* Preview Assets.xcassets in Resources */,
			);
			runOnlyForDeploymentPostprocessing = 0;
		};
/* End PBXResourcesBuildPhase section */

/* Begin PBXSourcesBuildPhase section */
		D8F841F22C13821000D117EE /* Sources */ = {
			isa = PBXSourcesBuildPhase;
			buildActionMask = 2147483647;
			files = (
				D8F842102C1384B200D117EE /* LocationsDataService.swift in Sources */,
				D8F842162C16190700D117EE /* LocationsListView.swift in Sources */,
				D8F8421A2C16359A00D117EE /* LocationPreviewView.swift in Sources */,
				D8F842142C13891600D117EE /* LocationsViewModel.swift in Sources */,
				D8F841FC2C13821000D117EE /* ContentView.swift in Sources */,
				D8F842122C13858800D117EE /* LocationView.swift in Sources */,
				D8F8420D2C1383A800D117EE /* Location.swift in Sources */,
				D8F841FA2C13821000D117EE /* SwiftuiMapAppvApp.swift in Sources */,
			);
			runOnlyForDeploymentPostprocessing = 0;
		};
/* End PBXSourcesBuildPhase section */

/* Begin XCBuildConfiguration section */
		D8F842022C13821100D117EE /* Debug */ = {
			isa = XCBuildConfiguration;
			buildSettings = {
				ALWAYS_SEARCH_USER_PATHS = NO;
				ASSETCATALOG_COMPILER_GENERATE_SWIFT_ASSET_SYMBOL_EXTENSIONS = YES;
				CLANG_ANALYZER_NONNULL = YES;
				CLANG_ANALYZER_NUMBER_OBJECT_CONVERSION = YES_AGGRESSIVE;
				CLANG_CXX_LANGUAGE_STANDARD = "gnu++20";
				CLANG_ENABLE_MODULES = YES;
				CLANG_ENABLE_OBJC_ARC = YES;
				CLANG_ENABLE_OBJC_WEAK = YES;
				CLANG_WARN_BLOCK_CAPTURE_AUTORELEASING = YES;
				CLANG_WARN_BOOL_CONVERSION = YES;
				CLANG_WARN_COMMA = YES;
				CLANG_WARN_CONSTANT_CONVERSION = YES;
				CLANG_WARN_DEPRECATED_OBJC_IMPLEMENTATIONS = YES;
				CLANG_WARN_DIRECT_OBJC_ISA_USAGE = YES_ERROR;
				CLANG_WARN_DOCUMENTATION_COMMENTS = YES;
				CLANG_WARN_EMPTY_BODY = YES;
				CLANG_WARN_ENUM_CONVERSION = YES;
				CLANG_WARN_INFINITE_RECURSION = YES;
				CLANG_WARN_INT_CONVERSION = YES;
				CLANG_WARN_NON_LITERAL_NULL_CONVERSION = YES;
				CLANG_WARN_OBJC_IMPLICIT_RETAIN_SELF = YES;
				CLANG_WARN_OBJC_LITERAL_CONVERSION = YES;
				CLANG_WARN_OBJC_ROOT_CLASS = YES_ERROR;
				CLANG_WARN_QUOTED_INCLUDE_IN_FRAMEWORK_HEADER = YES;
				CLANG_WARN_RANGE_LOOP_ANALYSIS = YES;
				CLANG_WARN_STRICT_PROTOTYPES = YES;
				CLANG_WARN_SUSPICIOUS_MOVE = YES;
				CLANG_WARN_UNGUARDED_AVAILABILITY = YES_AGGRESSIVE;
				CLANG_WARN_UNREACHABLE_CODE = YES;
				CLANG_WARN__DUPLICATE_METHOD_MATCH = YES;
				COPY_PHASE_STRIP = NO;
				DEBUG_INFORMATION_FORMAT = dwarf;
				ENABLE_STRICT_OBJC_MSGSEND = YES;
				ENABLE_TESTABILITY = YES;
				ENABLE_USER_SCRIPT_SANDBOXING = YES;
				GCC_C_LANGUAGE_STANDARD = gnu17;
				GCC_DYNAMIC_NO_PIC = NO;
				GCC_NO_COMMON_BLOCKS = YES;
				GCC_OPTIMIZATION_LEVEL = 0;
				GCC_PREPROCESSOR_DEFINITIONS = (
					"DEBUG=1",
					"$(inherited)",
				);
				GCC_WARN_64_TO_32_BIT_CONVERSION = YES;
				GCC_WARN_ABOUT_RETURN_TYPE = YES_ERROR;
				GCC_WARN_UNDECLARED_SELECTOR = YES;
				GCC_WARN_UNINITIALIZED_AUTOS = YES_AGGRESSIVE;
				GCC_WARN_UNUSED_FUNCTION = YES;
				GCC_WARN_UNUSED_VARIABLE = YES;
				IPHONEOS_DEPLOYMENT_TARGET = 17.4;
				LOCALIZATION_PREFERS_STRING_CATALOGS = YES;
				MTL_ENABLE_DEBUG_INFO = INCLUDE_SOURCE;
				MTL_FAST_MATH = YES;
				ONLY_ACTIVE_ARCH = YES;
				SDKROOT = iphoneos;
				SWIFT_ACTIVE_COMPILATION_CONDITIONS = "DEBUG $(inherited)";
				SWIFT_OPTIMIZATION_LEVEL = "-Onone";
			};
			name = Debug;
		};
		D8F842032C13821100D117EE /* Release */ = {
			isa = XCBuildConfiguration;
			buildSettings = {
				ALWAYS_SEARCH_USER_PATHS = NO;
				ASSETCATALOG_COMPILER_GENERATE_SWIFT_ASSET_SYMBOL_EXTENSIONS = YES;
				CLANG_ANALYZER_NONNULL = YES;
				CLANG_ANALYZER_NUMBER_OBJECT_CONVERSION = YES_AGGRESSIVE;
				CLANG_CXX_LANGUAGE_STANDARD = "gnu++20";
				CLANG_ENABLE_MODULES = YES;
				CLANG_ENABLE_OBJC_ARC = YES;
				CLANG_ENABLE_OBJC_WEAK = YES;
				CLANG_WARN_BLOCK_CAPTURE_AUTORELEASING = YES;
				CLANG_WARN_BOOL_CONVERSION = YES;
				CLANG_WARN_COMMA = YES;
				CLANG_WARN_CONSTANT_CONVERSION = YES;
				CLANG_WARN_DEPRECATED_OBJC_IMPLEMENTATIONS = YES;
				CLANG_WARN_DIRECT_OBJC_ISA_USAGE = YES_ERROR;
				CLANG_WARN_DOCUMENTATION_COMMENTS = YES;
				CLANG_WARN_EMPTY_BODY = YES;
				CLANG_WARN_ENUM_CONVERSION = YES;
				CLANG_WARN_INFINITE_RECURSION = YES;
				CLANG_WARN_INT_CONVERSION = YES;
				CLANG_WARN_NON_LITERAL_NULL_CONVERSION = YES;
				CLANG_WARN_OBJC_IMPLICIT_RETAIN_SELF = YES;
				CLANG_WARN_OBJC_LITERAL_CONVERSION = YES;
				CLANG_WARN_OBJC_ROOT_CLASS = YES_ERROR;
				CLANG_WARN_QUOTED_INCLUDE_IN_FRAMEWORK_HEADER = YES;
				CLANG_WARN_RANGE_LOOP_ANALYSIS = YES;
				CLANG_WARN_STRICT_PROTOTYPES = YES;
				CLANG_WARN_SUSPICIOUS_MOVE = YES;
				CLANG_WARN_UNGUARDED_AVAILABILITY = YES_AGGRESSIVE;
				CLANG_WARN_UNREACHABLE_CODE = YES;
				CLANG_WARN__DUPLICATE_METHOD_MATCH = YES;
				COPY_PHASE_STRIP = NO;
				DEBUG_INFORMATION_FORMAT = "dwarf-with-dsym";
				ENABLE_NS_ASSERTIONS = NO;
				ENABLE_STRICT_OBJC_MSGSEND = YES;
				ENABLE_USER_SCRIPT_SANDBOXING = YES;
				GCC_C_LANGUAGE_STANDARD = gnu17;
				GCC_NO_COMMON_BLOCKS = YES;
				GCC_WARN_64_TO_32_BIT_CONVERSION = YES;
				GCC_WARN_ABOUT_RETURN_TYPE = YES_ERROR;
				GCC_WARN_UNDECLARED_SELECTOR = YES;
				GCC_WARN_UNINITIALIZED_AUTOS = YES_AGGRESSIVE;
				GCC_WARN_UNUSED_FUNCTION = YES;
				GCC_WARN_UNUSED_VARIABLE = YES;
				IPHONEOS_DEPLOYMENT_TARGET = 17.4;
				LOCALIZATION_PREFERS_STRING_CATALOGS = YES;
				MTL_ENABLE_DEBUG_INFO = NO;
				MTL_FAST_MATH = YES;
				SDKROOT = iphoneos;
				SWIFT_COMPILATION_MODE = wholemodule;
				VALIDATE_PRODUCT = YES;
			};
			name = Release;
		};
		D8F842052C13821100D117EE /* Debug */ = {
			isa = XCBuildConfiguration;
			buildSettings = {
				ASSETCATALOG_COMPILER_APPICON_NAME = AppIcon;
				ASSETCATALOG_COMPILER_GLOBAL_ACCENT_COLOR_NAME = AccentColor;
				CODE_SIGN_STYLE = Automatic;
				CURRENT_PROJECT_VERSION = 1;
				DEVELOPMENT_ASSET_PATHS = "\"SwiftuiMapAppv/Preview Content\"";
				DEVELOPMENT_TEAM = S42P65D2LF;
				ENABLE_PREVIEWS = YES;
				GENERATE_INFOPLIST_FILE = YES;
				INFOPLIST_KEY_UIApplicationSceneManifest_Generation = YES;
				INFOPLIST_KEY_UIApplicationSupportsIndirectInputEvents = YES;
				INFOPLIST_KEY_UILaunchScreen_Generation = YES;
				INFOPLIST_KEY_UISupportedInterfaceOrientations_iPad = "UIInterfaceOrientationPortrait UIInterfaceOrientationPortraitUpsideDown UIInterfaceOrientationLandscapeLeft UIInterfaceOrientationLandscapeRight";
				INFOPLIST_KEY_UISupportedInterfaceOrientations_iPhone = "UIInterfaceOrientationPortrait UIInterfaceOrientationLandscapeLeft UIInterfaceOrientationLandscapeRight";
				LD_RUNPATH_SEARCH_PATHS = (
					"$(inherited)",
					"@executable_path/Frameworks",
				);
				MARKETING_VERSION = 1.0;
				PRODUCT_BUNDLE_IDENTIFIER = com.baisampayans.SwiftuiMapAppv;
				PRODUCT_NAME = "$(TARGET_NAME)";
				SWIFT_EMIT_LOC_STRINGS = YES;
				SWIFT_VERSION = 5.0;
				TARGETED_DEVICE_FAMILY = "1,2";
			};
			name = Debug;
		};
		D8F842062C13821100D117EE /* Release */ = {
			isa = XCBuildConfiguration;
			buildSettings = {
				ASSETCATALOG_COMPILER_APPICON_NAME = AppIcon;
				ASSETCATALOG_COMPILER_GLOBAL_ACCENT_COLOR_NAME = AccentColor;
				CODE_SIGN_STYLE = Automatic;
				CURRENT_PROJECT_VERSION = 1;
				DEVELOPMENT_ASSET_PATHS = "\"SwiftuiMapAppv/Preview Content\"";
				DEVELOPMENT_TEAM = S42P65D2LF;
				ENABLE_PREVIEWS = YES;
				GENERATE_INFOPLIST_FILE = YES;
				INFOPLIST_KEY_UIApplicationSceneManifest_Generation = YES;
				INFOPLIST_KEY_UIApplicationSupportsIndirectInputEvents = YES;
				INFOPLIST_KEY_UILaunchScreen_Generation = YES;
				INFOPLIST_KEY_UISupportedInterfaceOrientations_iPad = "UIInterfaceOrientationPortrait UIInterfaceOrientationPortraitUpsideDown UIInterfaceOrientationLandscapeLeft UIInterfaceOrientationLandscapeRight";
				INFOPLIST_KEY_UISupportedInterfaceOrientations_iPhone = "UIInterfaceOrientationPortrait UIInterfaceOrientationLandscapeLeft UIInterfaceOrientationLandscapeRight";
				LD_RUNPATH_SEARCH_PATHS = (
					"$(inherited)",
					"@executable_path/Frameworks",
				);
				MARKETING_VERSION = 1.0;
				PRODUCT_BUNDLE_IDENTIFIER = com.baisampayans.SwiftuiMapAppv;
				PRODUCT_NAME = "$(TARGET_NAME)";
				SWIFT_EMIT_LOC_STRINGS = YES;
				SWIFT_VERSION = 5.0;
				TARGETED_DEVICE_FAMILY = "1,2";
			};
			name = Release;
		};
/* End XCBuildConfiguration section */

/* Begin XCConfigurationList section */
		D8F841F12C13821000D117EE /* Build configuration list for PBXProject "SwiftuiMapAppv" */ = {
			isa = XCConfigurationList;
			buildConfigurations = (
				D8F842022C13821100D117EE /* Debug */,
				D8F842032C13821100D117EE /* Release */,
			);
			defaultConfigurationIsVisible = 0;
			defaultConfigurationName = Release;
		};
		D8F842042C13821100D117EE /* Build configuration list for PBXNativeTarget "SwiftuiMapAppv" */ = {
			isa = XCConfigurationList;
			buildConfigurations = (
				D8F842052C13821100D117EE /* Debug */,
				D8F842062C13821100D117EE /* Release */,
			);
			defaultConfigurationIsVisible = 0;
			defaultConfigurationName = Release;
		};
/* End XCConfigurationList section */
	};
	rootObject = D8F841EE2C13821000D117EE /* Project object */;
}
